
Microsoft Visual Studio Solution File, Format Version 12.00
# Visual Studio Version 16
VisualStudioVersion = 16.0.31729.503
MinimumVisualStudioVersion = 10.0.40219.1
Project("{FAE04EC0-301F-11D3-BF4B-00C04F79EFBC}") = "Binary", "Array.BinarySearch\Binary.csproj", "{A11CC5A2-D69B-4ABA-A1AE-C17CC4C09583}"
EndProject
Global
	GlobalSection(SolutionConfigurationPlatforms) = preSolution
		Debug|Any CPU = Debug|Any CPU
		Release|Any CPU = Release|Any CPU
	EndGlobalSection
	GlobalSection(ProjectConfigurationPlatforms) = postSolution
		{A11CC5A2-D69B-4ABA-A1AE-C17CC4C09583}.Debug|Any CPU.ActiveCfg = Debug|Any CPU
		{A11CC5A2-D69B-4ABA-A1AE-C17CC4C09583}.Debug|Any CPU.Build.0 = Debug|Any CPU
		{A11CC5A2-D69B-4ABA-A1AE-C17CC4C09583}.Release|Any CPU.ActiveCfg = Release|Any CPU
		{A11CC5A2-D69B-4ABA-A1AE-C17CC4C09583}.Release|Any CPU.Build.0 = Release|Any CPU
	EndGlobalSection
	GlobalSection(SolutionProperties) = preSolution
		HideSolutionNode = FALSE
	EndGlobalSection
	GlobalSection(ExtensibilityGlobals) = postSolution
		SolutionGuid = {B1A2F951-4697-4A01-8DBC-3787F73E3D5A}
	EndGlobalSection
EndGlobal
